
Microsoft Visual Studio Solution File, Format Version 12.00
# Visual Studio Version 17
VisualStudioVersion = 17.1.32328.378
MinimumVisualStudioVersion = 10.0.40219.1
Project("{FAE04EC0-301F-11D3-BF4B-00C04F79EFBC}") = "Purse", "Purse\Purse.csproj", "{C9A86DB6-F3C4-4490-923B-82BA0B0EA0B9}"
EndProject
Project("{FAE04EC0-301F-11D3-BF4B-00C04F79EFBC}") = "Money", "Money\Money.csproj", "{CE113A2B-0A42-4559-8568-059AF3057B78}"
EndProject
Project("{FAE04EC0-301F-11D3-BF4B-00C04F79EFBC}") = "BusinessCard", "BusinessCard\BusinessCard.csproj", "{E7DC6F86-FAF1-4B11-A3F2-983E46D66B46}"
EndProject
Global
	GlobalSection(SolutionConfigurationPlatforms) = preSolution
		Debug|Any CPU = Debug|Any CPU
		Release|Any CPU = Release|Any CPU
	EndGlobalSection
	GlobalSection(ProjectConfigurationPlatforms) = postSolution
		{C9A86DB6-F3C4-4490-923B-82BA0B0EA0B9}.Debug|Any CPU.ActiveCfg = Debug|Any CPU
		{C9A86DB6-F3C4-4490-923B-82BA0B0EA0B9}.Debug|Any CPU.Build.0 = Debug|Any CPU
		{C9A86DB6-F3C4-4490-923B-82BA0B0EA0B9}.Release|Any CPU.ActiveCfg = Release|Any CPU
		{C9A86DB6-F3C4-4490-923B-82BA0B0EA0B9}.Release|Any CPU.Build.0 = Release|Any CPU
		{CE113A2B-0A42-4559-8568-059AF3057B78}.Debug|Any CPU.ActiveCfg = Debug|Any CPU
		{CE113A2B-0A42-4559-8568-059AF3057B78}.Debug|Any CPU.Build.0 = Debug|Any CPU
		{CE113A2B-0A42-4559-8568-059AF3057B78}.Release|Any CPU.ActiveCfg = Release|Any CPU
		{CE113A2B-0A42-4559-8568-059AF3057B78}.Release|Any CPU.Build.0 = Release|Any CPU
		{E7DC6F86-FAF1-4B11-A3F2-983E46D66B46}.Debug|Any CPU.ActiveCfg = Debug|Any CPU
		{E7DC6F86-FAF1-4B11-A3F2-983E46D66B46}.Debug|Any CPU.Build.0 = Debug|Any CPU
		{E7DC6F86-FAF1-4B11-A3F2-983E46D66B46}.Release|Any CPU.ActiveCfg = Release|Any CPU
		{E7DC6F86-FAF1-4B11-A3F2-983E46D66B46}.Release|Any CPU.Build.0 = Release|Any CPU
	EndGlobalSection
	GlobalSection(SolutionProperties) = preSolution
		HideSolutionNode = FALSE
	EndGlobalSection
	GlobalSection(ExtensibilityGlobals) = postSolution
		SolutionGuid = {1989F572-AA47-4C5E-B5FF-64A9DC29282D}
	EndGlobalSection
EndGlobal
